
Microsoft Visual Studio Solution File, Format Version 12.00
# Visual Studio Version 17
VisualStudioVersion = 17.1.32407.343
MinimumVisualStudioVersion = 10.0.40219.1
Project("{9A19103F-16F7-4668-BE54-9A1E7A4F7556}") = "Cryptunics.Core", "src\Cryptunics.Core\Cryptunics.Core.csproj", "{D4C4FF24-CF12-4CBA-B3C2-436C2CE58658}"
EndProject
Project("{2150E333-8FDC-42A3-9474-1A3956D46DE8}") = "Tests", "Tests", "{11AC4987-8F81-4A42-ABEC-2A5A3C535910}"
EndProject
Project("{FAE04EC0-301F-11D3-BF4B-00C04F79EFBC}") = "Cryptunics.Tests.Core", "test\Cryptunics.Tests.Core\Cryptunics.Tests.Core.csproj", "{060E254F-91A3-4F5C-8AC1-15B56214F3E1}"
EndProject
Global
	GlobalSection(SolutionConfigurationPlatforms) = preSolution
		Debug|Any CPU = Debug|Any CPU
		Release|Any CPU = Release|Any CPU
	EndGlobalSection
	GlobalSection(ProjectConfigurationPlatforms) = postSolution
		{D4C4FF24-CF12-4CBA-B3C2-436C2CE58658}.Debug|Any CPU.ActiveCfg = Debug|Any CPU
		{D4C4FF24-CF12-4CBA-B3C2-436C2CE58658}.Debug|Any CPU.Build.0 = Debug|Any CPU
		{D4C4FF24-CF12-4CBA-B3C2-436C2CE58658}.Release|Any CPU.ActiveCfg = Release|Any CPU
		{D4C4FF24-CF12-4CBA-B3C2-436C2CE58658}.Release|Any CPU.Build.0 = Release|Any CPU
		{060E254F-91A3-4F5C-8AC1-15B56214F3E1}.Debug|Any CPU.ActiveCfg = Debug|Any CPU
		{060E254F-91A3-4F5C-8AC1-15B56214F3E1}.Debug|Any CPU.Build.0 = Debug|Any CPU
		{060E254F-91A3-4F5C-8AC1-15B56214F3E1}.Release|Any CPU.ActiveCfg = Release|Any CPU
		{060E254F-91A3-4F5C-8AC1-15B56214F3E1}.Release|Any CPU.Build.0 = Release|Any CPU
	EndGlobalSection
	GlobalSection(SolutionProperties) = preSolution
		HideSolutionNode = FALSE
	EndGlobalSection
	GlobalSection(NestedProjects) = preSolution
		{060E254F-91A3-4F5C-8AC1-15B56214F3E1} = {11AC4987-8F81-4A42-ABEC-2A5A3C535910}
	EndGlobalSection
	GlobalSection(ExtensibilityGlobals) = postSolution
		SolutionGuid = {A73F99D2-FA5A-417E-B534-99258E8C53B1}
	EndGlobalSection
EndGlobal
